<Solution>
  <Folder Name="/src/">
    <Project Path="src/GitCandy.Data.PostgreSql/GitCandy.Data.PostgreSql.csproj" />
    <Project Path="src/GitCandy.Data.SonnetDB/GitCandy.Data.SonnetDB.csproj" />
    <Project Path="src/GitCandy.Data.Sqlite/GitCandy.Data.Sqlite.csproj" />
    <Project Path="src/GitCandy.Data/GitCandy.Data.csproj" />
  </Folder>
  <Folder Name="/tests/">
    <Project Path="tests/GitCandy.Data.Tests/GitCandy.Data.Tests.csproj" />
  </Folder>
</Solution>
